// !$*UTF8*$!
{
	archiveVersion = 1;
	classes = {
	};
	objectVersion = 56;
	objects = {

/* Begin PBXBuildFile section */
		A24F9EF62C875282006B3D1F /* AppDelegate.swift in Sources */ = {isa = PBXBuildFile; fileRef = A24F9EF52C875282006B3D1F /* AppDelegate.swift */; };
		A24F9EFA2C875282006B3D1F /* StartingScreen.swift in Sources */ = {isa = PBXBuildFile; fileRef = A24F9EF92C875282006B3D1F /* StartingScreen.swift */; };
		A24F9EFF2C875285006B3D1F /* Assets.xcassets in Resources */ = {isa = PBXBuildFile; fileRef = A24F9EFE2C875285006B3D1F /* Assets.xcassets */; };
		A24F9F022C875285006B3D1F /* Base in Resources */ = {isa = PBXBuildFile; fileRef = A24F9F012C875285006B3D1F /* Base */; };
		A24F9F0A2C8B947C006B3D1F /* ApiViewModel.swift in Sources */ = {isa = PBXBuildFile; fileRef = A24F9F092C8B947C006B3D1F /* ApiViewModel.swift */; };
		A24F9F0D2C8B94E2006B3D1F /* WeatherModel.swift in Sources */ = {isa = PBXBuildFile; fileRef = A24F9F0C2C8B94E2006B3D1F /* WeatherModel.swift */; };
		A24F9F0F2C8B96F4006B3D1F /* CurrentWeather.swift in Sources */ = {isa = PBXBuildFile; fileRef = A24F9F0E2C8B96F4006B3D1F /* CurrentWeather.swift */; };
		A24F9F112C8B993C006B3D1F /* Constants.swift in Sources */ = {isa = PBXBuildFile; fileRef = A24F9F102C8B993C006B3D1F /* Constants.swift */; };
/* End PBXBuildFile section */

/* Begin PBXFileReference section */
		A24F9EF22C875282006B3D1F /* WeatherReportForOdnoklassniki.app */ = {isa = PBXFileReference; explicitFileType = wrapper.application; includeInIndex = 0; path = WeatherReportForOdnoklassniki.app; sourceTree = BUILT_PRODUCTS_DIR; };
		A24F9EF52C875282006B3D1F /* AppDelegate.swift */ = {isa = PBXFileReference; lastKnownFileType = sourcecode.swift; path = AppDelegate.swift; sourceTree = "<group>"; };
		A24F9EF92C875282006B3D1F /* StartingScreen.swift */ = {isa = PBXFileReference; lastKnownFileType = sourcecode.swift; path = StartingScreen.swift; sourceTree = "<group>"; };
		A24F9EFE2C875285006B3D1F /* Assets.xcassets */ = {isa = PBXFileReference; lastKnownFileType = folder.assetcatalog; path = Assets.xcassets; sourceTree = "<group>"; };
		A24F9F012C875285006B3D1F /* Base */ = {isa = PBXFileReference; lastKnownFileType = file.storyboard; name = Base; path = Base.lproj/LaunchScreen.storyboard; sourceTree = "<group>"; };
		A24F9F032C875285006B3D1F /* Info.plist */ = {isa = PBXFileReference; lastKnownFileType = text.plist.xml; path = Info.plist; sourceTree = "<group>"; };
		A24F9F092C8B947C006B3D1F /* ApiViewModel.swift */ = {isa = PBXFileReference; lastKnownFileType = sourcecode.swift; path = ApiViewModel.swift; sourceTree = "<group>"; };
		A24F9F0C2C8B94E2006B3D1F /* WeatherModel.swift */ = {isa = PBXFileReference; lastKnownFileType = sourcecode.swift; path = WeatherModel.swift; sourceTree = "<group>"; };
		A24F9F0E2C8B96F4006B3D1F /* CurrentWeather.swift */ = {isa = PBXFileReference; lastKnownFileType = sourcecode.swift; path = CurrentWeather.swift; sourceTree = "<group>"; };
		A24F9F102C8B993C006B3D1F /* Constants.swift */ = {isa = PBXFileReference; lastKnownFileType = sourcecode.swift; path = Constants.swift; sourceTree = "<group>"; };
/* End PBXFileReference section */

/* Begin PBXFrameworksBuildPhase section */
		A24F9EEF2C875282006B3D1F /* Frameworks */ = {
			isa = PBXFrameworksBuildPhase;
			buildActionMask = 2147483647;
			files = (
			);
			runOnlyForDeploymentPostprocessing = 0;
		};
/* End PBXFrameworksBuildPhase section */

/* Begin PBXGroup section */
		A24F9EE92C875282006B3D1F = {
			isa = PBXGroup;
			children = (
				A24F9EF42C875282006B3D1F /* WeatherReportForOdnoklassniki */,
				A24F9EF32C875282006B3D1F /* Products */,
			);
			sourceTree = "<group>";
		};
		A24F9EF32C875282006B3D1F /* Products */ = {
			isa = PBXGroup;
			children = (
				A24F9EF22C875282006B3D1F /* WeatherReportForOdnoklassniki.app */,
			);
			name = Products;
			sourceTree = "<group>";
		};
		A24F9EF42C875282006B3D1F /* WeatherReportForOdnoklassniki */ = {
			isa = PBXGroup;
			children = (
				A24F9F132C8BA405006B3D1F /* ViewModel */,
				A24F9F122C8B9949006B3D1F /* View */,
				A24F9F0B2C8B94B4006B3D1F /* Model */,
				A24F9EF52C875282006B3D1F /* AppDelegate.swift */,
				A24F9F102C8B993C006B3D1F /* Constants.swift */,
				A24F9EFE2C875285006B3D1F /* Assets.xcassets */,
				A24F9F002C875285006B3D1F /* LaunchScreen.storyboard */,
				A24F9F032C875285006B3D1F /* Info.plist */,
			);
			path = WeatherReportForOdnoklassniki;
			sourceTree = "<group>";
		};
		A24F9F0B2C8B94B4006B3D1F /* Model */ = {
			isa = PBXGroup;
			children = (
				A24F9F0C2C8B94E2006B3D1F /* WeatherModel.swift */,
				A24F9F0E2C8B96F4006B3D1F /* CurrentWeather.swift */,
			);
			path = Model;
			sourceTree = "<group>";
		};
		A24F9F122C8B9949006B3D1F /* View */ = {
			isa = PBXGroup;
			children = (
				A24F9EF92C875282006B3D1F /* StartingScreen.swift */,
			);
			path = View;
			sourceTree = "<group>";
		};
		A24F9F132C8BA405006B3D1F /* ViewModel */ = {
			isa = PBXGroup;
			children = (
				A24F9F092C8B947C006B3D1F /* ApiViewModel.swift */,
			);
			path = ViewModel;
			sourceTree = "<group>";
		};
/* End PBXGroup section */

/* Begin PBXNativeTarget section */
		A24F9EF12C875282006B3D1F /* WeatherReportForOdnoklassniki */ = {
			isa = PBXNativeTarget;
			buildConfigurationList = A24F9F062C875285006B3D1F /* Build configuration list for PBXNativeTarget "WeatherReportForOdnoklassniki" */;
			buildPhases = (
				A24F9EEE2C875282006B3D1F /* Sources */,
				A24F9EEF2C875282006B3D1F /* Frameworks */,
				A24F9EF02C875282006B3D1F /* Resources */,
			);
			buildRules = (
			);
			dependencies = (
			);
			name = WeatherReportForOdnoklassniki;
			productName = WeatherReportForOdnoklassniki;
			productReference = A24F9EF22C875282006B3D1F /* WeatherReportForOdnoklassniki.app */;
			productType = "com.apple.product-type.application";
		};
/* End PBXNativeTarget section */

/* Begin PBXProject section */
		A24F9EEA2C875282006B3D1F /* Project object */ = {
			isa = PBXProject;
			attributes = {
				BuildIndependentTargetsInParallel = 1;
				LastSwiftUpdateCheck = 1540;
				LastUpgradeCheck = 1540;
				TargetAttributes = {
					A24F9EF12C875282006B3D1F = {
						CreatedOnToolsVersion = 15.4;
					};
				};
			};
			buildConfigurationList = A24F9EED2C875282006B3D1F /* Build configuration list for PBXProject "WeatherReportForOdnoklassniki" */;
			compatibilityVersion = "Xcode 14.0";
			developmentRegion = en;
			hasScannedForEncodings = 0;
			knownRegions = (
				en,
				Base,
			);
			mainGroup = A24F9EE92C875282006B3D1F;
			productRefGroup = A24F9EF32C875282006B3D1F /* Products */;
			projectDirPath = "";
			projectRoot = "";
			targets = (
				A24F9EF12C875282006B3D1F /* WeatherReportForOdnoklassniki */,
			);
		};
/* End PBXProject section */

/* Begin PBXResourcesBuildPhase section */
		A24F9EF02C875282006B3D1F /* Resources */ = {
			isa = PBXResourcesBuildPhase;
			buildActionMask = 2147483647;
			files = (
				A24F9EFF2C875285006B3D1F /* Assets.xcassets in Resources */,
				A24F9F022C875285006B3D1F /* Base in Resources */,
			);
			runOnlyForDeploymentPostprocessing = 0;
		};
/* End PBXResourcesBuildPhase section */

/* Begin PBXSourcesBuildPhase section */
		A24F9EEE2C875282006B3D1F /* Sources */ = {
			isa = PBXSourcesBuildPhase;
			buildActionMask = 2147483647;
			files = (
				A24F9EFA2C875282006B3D1F /* StartingScreen.swift in Sources */,
				A24F9F0F2C8B96F4006B3D1F /* CurrentWeather.swift in Sources */,
				A24F9F0A2C8B947C006B3D1F /* ApiViewModel.swift in Sources */,
				A24F9F0D2C8B94E2006B3D1F /* WeatherModel.swift in Sources */,
				A24F9EF62C875282006B3D1F /* AppDelegate.swift in Sources */,
				A24F9F112C8B993C006B3D1F /* Constants.swift in Sources */,
			);
			runOnlyForDeploymentPostprocessing = 0;
		};
/* End PBXSourcesBuildPhase section */

/* Begin PBXVariantGroup section */
		A24F9F002C875285006B3D1F /* LaunchScreen.storyboard */ = {
			isa = PBXVariantGroup;
			children = (
				A24F9F012C875285006B3D1F /* Base */,
			);
			name = LaunchScreen.storyboard;
			sourceTree = "<group>";
		};
/* End PBXVariantGroup section */

/* Begin XCBuildConfiguration section */
		A24F9F042C875285006B3D1F /* Debug */ = {
			isa = XCBuildConfiguration;
			buildSettings = {
				ALWAYS_SEARCH_USER_PATHS = NO;
				ASSETCATALOG_COMPILER_GENERATE_SWIFT_ASSET_SYMBOL_EXTENSIONS = YES;
				CLANG_ANALYZER_NONNULL = YES;
				CLANG_ANALYZER_NUMBER_OBJECT_CONVERSION = YES_AGGRESSIVE;
				CLANG_CXX_LANGUAGE_STANDARD = "gnu++20";
				CLANG_ENABLE_MODULES = YES;
				CLANG_ENABLE_OBJC_ARC = YES;
				CLANG_ENABLE_OBJC_WEAK = YES;
				CLANG_WARN_BLOCK_CAPTURE_AUTORELEASING = YES;
				CLANG_WARN_BOOL_CONVERSION = YES;
				CLANG_WARN_COMMA = YES;
				CLANG_WARN_CONSTANT_CONVERSION = YES;
				CLANG_WARN_DEPRECATED_OBJC_IMPLEMENTATIONS = YES;
				CLANG_WARN_DIRECT_OBJC_ISA_USAGE = YES_ERROR;
				CLANG_WARN_DOCUMENTATION_COMMENTS = YES;
				CLANG_WARN_EMPTY_BODY = YES;
				CLANG_WARN_ENUM_CONVERSION = YES;
				CLANG_WARN_INFINITE_RECURSION = YES;
				CLANG_WARN_INT_CONVERSION = YES;
				CLANG_WARN_NON_LITERAL_NULL_CONVERSION = YES;
				CLANG_WARN_OBJC_IMPLICIT_RETAIN_SELF = YES;
				CLANG_WARN_OBJC_LITERAL_CONVERSION = YES;
				CLANG_WARN_OBJC_ROOT_CLASS = YES_ERROR;
				CLANG_WARN_QUOTED_INCLUDE_IN_FRAMEWORK_HEADER = YES;
				CLANG_WARN_RANGE_LOOP_ANALYSIS = YES;
				CLANG_WARN_STRICT_PROTOTYPES = YES;
				CLANG_WARN_SUSPICIOUS_MOVE = YES;
				CLANG_WARN_UNGUARDED_AVAILABILITY = YES_AGGRESSIVE;
				CLANG_WARN_UNREACHABLE_CODE = YES;
				CLANG_WARN__DUPLICATE_METHOD_MATCH = YES;
				COPY_PHASE_STRIP = NO;
				DEBUG_INFORMATION_FORMAT = dwarf;
				ENABLE_STRICT_OBJC_MSGSEND = YES;
				ENABLE_TESTABILITY = YES;
				ENABLE_USER_SCRIPT_SANDBOXING = YES;
				GCC_C_LANGUAGE_STANDARD = gnu17;
				GCC_DYNAMIC_NO_PIC = NO;
				GCC_NO_COMMON_BLOCKS = YES;
				GCC_OPTIMIZATION_LEVEL = 0;
				GCC_PREPROCESSOR_DEFINITIONS = (
					"DEBUG=1",
					"$(inherited)",
				);
				GCC_WARN_64_TO_32_BIT_CONVERSION = YES;
				GCC_WARN_ABOUT_RETURN_TYPE = YES_ERROR;
				GCC_WARN_UNDECLARED_SELECTOR = YES;
				GCC_WARN_UNINITIALIZED_AUTOS = YES_AGGRESSIVE;
				GCC_WARN_UNUSED_FUNCTION = YES;
				GCC_WARN_UNUSED_VARIABLE = YES;
				IPHONEOS_DEPLOYMENT_TARGET = 17.5;
				LOCALIZATION_PREFERS_STRING_CATALOGS = YES;
				MTL_ENABLE_DEBUG_INFO = INCLUDE_SOURCE;
				MTL_FAST_MATH = YES;
				ONLY_ACTIVE_ARCH = YES;
				SDKROOT = iphoneos;
				SWIFT_ACTIVE_COMPILATION_CONDITIONS = "DEBUG $(inherited)";
				SWIFT_OPTIMIZATION_LEVEL = "-Onone";
			};
			name = Debug;
		};
		A24F9F052C875285006B3D1F /* Release */ = {
			isa = XCBuildConfiguration;
			buildSettings = {
				ALWAYS_SEARCH_USER_PATHS = NO;
				ASSETCATALOG_COMPILER_GENERATE_SWIFT_ASSET_SYMBOL_EXTENSIONS = YES;
				CLANG_ANALYZER_NONNULL = YES;
				CLANG_ANALYZER_NUMBER_OBJECT_CONVERSION = YES_AGGRESSIVE;
				CLANG_CXX_LANGUAGE_STANDARD = "gnu++20";
				CLANG_ENABLE_MODULES = YES;
				CLANG_ENABLE_OBJC_ARC = YES;
				CLANG_ENABLE_OBJC_WEAK = YES;
				CLANG_WARN_BLOCK_CAPTURE_AUTORELEASING = YES;
				CLANG_WARN_BOOL_CONVERSION = YES;
				CLANG_WARN_COMMA = YES;
				CLANG_WARN_CONSTANT_CONVERSION = YES;
				CLANG_WARN_DEPRECATED_OBJC_IMPLEMENTATIONS = YES;
				CLANG_WARN_DIRECT_OBJC_ISA_USAGE = YES_ERROR;
				CLANG_WARN_DOCUMENTATION_COMMENTS = YES;
				CLANG_WARN_EMPTY_BODY = YES;
				CLANG_WARN_ENUM_CONVERSION = YES;
				CLANG_WARN_INFINITE_RECURSION = YES;
				CLANG_WARN_INT_CONVERSION = YES;
				CLANG_WARN_NON_LITERAL_NULL_CONVERSION = YES;
				CLANG_WARN_OBJC_IMPLICIT_RETAIN_SELF = YES;
				CLANG_WARN_OBJC_LITERAL_CONVERSION = YES;
				CLANG_WARN_OBJC_ROOT_CLASS = YES_ERROR;
				CLANG_WARN_QUOTED_INCLUDE_IN_FRAMEWORK_HEADER = YES;
				CLANG_WARN_RANGE_LOOP_ANALYSIS = YES;
				CLANG_WARN_STRICT_PROTOTYPES = YES;
				CLANG_WARN_SUSPICIOUS_MOVE = YES;
				CLANG_WARN_UNGUARDED_AVAILABILITY = YES_AGGRESSIVE;
				CLANG_WARN_UNREACHABLE_CODE = YES;
				CLANG_WARN__DUPLICATE_METHOD_MATCH = YES;
				COPY_PHASE_STRIP = NO;
				DEBUG_INFORMATION_FORMAT = "dwarf-with-dsym";
				ENABLE_NS_ASSERTIONS = NO;
				ENABLE_STRICT_OBJC_MSGSEND = YES;
				ENABLE_USER_SCRIPT_SANDBOXING = YES;
				GCC_C_LANGUAGE_STANDARD = gnu17;
				GCC_NO_COMMON_BLOCKS = YES;
				GCC_WARN_64_TO_32_BIT_CONVERSION = YES;
				GCC_WARN_ABOUT_RETURN_TYPE = YES_ERROR;
				GCC_WARN_UNDECLARED_SELECTOR = YES;
				GCC_WARN_UNINITIALIZED_AUTOS = YES_AGGRESSIVE;
				GCC_WARN_UNUSED_FUNCTION = YES;
				GCC_WARN_UNUSED_VARIABLE = YES;
				IPHONEOS_DEPLOYMENT_TARGET = 17.5;
				LOCALIZATION_PREFERS_STRING_CATALOGS = YES;
				MTL_ENABLE_DEBUG_INFO = NO;
				MTL_FAST_MATH = YES;
				SDKROOT = iphoneos;
				SWIFT_COMPILATION_MODE = wholemodule;
				VALIDATE_PRODUCT = YES;
			};
			name = Release;
		};
		A24F9F072C875285006B3D1F /* Debug */ = {
			isa = XCBuildConfiguration;
			buildSettings = {
				ASSETCATALOG_COMPILER_APPICON_NAME = AppIcon;
				ASSETCATALOG_COMPILER_GLOBAL_ACCENT_COLOR_NAME = AccentColor;
				CODE_SIGN_STYLE = Automatic;
				CURRENT_PROJECT_VERSION = 1;
				DEVELOPMENT_TEAM = 4A2KG46AV7;
				GENERATE_INFOPLIST_FILE = YES;
				INFOPLIST_FILE = WeatherReportForOdnoklassniki/Info.plist;
				INFOPLIST_KEY_UIApplicationSupportsIndirectInputEvents = YES;
				INFOPLIST_KEY_UILaunchStoryboardName = LaunchScreen;
				INFOPLIST_KEY_UISupportedInterfaceOrientations_iPad = "UIInterfaceOrientationPortrait UIInterfaceOrientationPortraitUpsideDown UIInterfaceOrientationLandscapeLeft UIInterfaceOrientationLandscapeRight";
				INFOPLIST_KEY_UISupportedInterfaceOrientations_iPhone = "UIInterfaceOrientationPortrait UIInterfaceOrientationLandscapeLeft UIInterfaceOrientationLandscapeRight";
				LD_RUNPATH_SEARCH_PATHS = (
					"$(inherited)",
					"@executable_path/Frameworks",
				);
				MARKETING_VERSION = 1.0;
				PRODUCT_BUNDLE_IDENTIFIER = ViacheslavBelov.WeatherReportForOdnoklassniki;
				PRODUCT_NAME = "$(TARGET_NAME)";
				SWIFT_EMIT_LOC_STRINGS = YES;
				SWIFT_VERSION = 5.0;
				TARGETED_DEVICE_FAMILY = "1,2";
			};
			name = Debug;
		};
		A24F9F082C875285006B3D1F /* Release */ = {
			isa = XCBuildConfiguration;
			buildSettings = {
				ASSETCATALOG_COMPILER_APPICON_NAME = AppIcon;
				ASSETCATALOG_COMPILER_GLOBAL_ACCENT_COLOR_NAME = AccentColor;
				CODE_SIGN_STYLE = Automatic;
				CURRENT_PROJECT_VERSION = 1;
				DEVELOPMENT_TEAM = 4A2KG46AV7;
				GENERATE_INFOPLIST_FILE = YES;
				INFOPLIST_FILE = WeatherReportForOdnoklassniki/Info.plist;
				INFOPLIST_KEY_UIApplicationSupportsIndirectInputEvents = YES;
				INFOPLIST_KEY_UILaunchStoryboardName = LaunchScreen;
				INFOPLIST_KEY_UISupportedInterfaceOrientations_iPad = "UIInterfaceOrientationPortrait UIInterfaceOrientationPortraitUpsideDown UIInterfaceOrientationLandscapeLeft UIInterfaceOrientationLandscapeRight";
				INFOPLIST_KEY_UISupportedInterfaceOrientations_iPhone = "UIInterfaceOrientationPortrait UIInterfaceOrientationLandscapeLeft UIInterfaceOrientationLandscapeRight";
				LD_RUNPATH_SEARCH_PATHS = (
					"$(inherited)",
					"@executable_path/Frameworks",
				);
				MARKETING_VERSION = 1.0;
				PRODUCT_BUNDLE_IDENTIFIER = ViacheslavBelov.WeatherReportForOdnoklassniki;
				PRODUCT_NAME = "$(TARGET_NAME)";
				SWIFT_EMIT_LOC_STRINGS = YES;
				SWIFT_VERSION = 5.0;
				TARGETED_DEVICE_FAMILY = "1,2";
			};
			name = Release;
		};
/* End XCBuildConfiguration section */

/* Begin XCConfigurationList section */
		A24F9EED2C875282006B3D1F /* Build configuration list for PBXProject "WeatherReportForOdnoklassniki" */ = {
			isa = XCConfigurationList;
			buildConfigurations = (
				A24F9F042C875285006B3D1F /* Debug */,
				A24F9F052C875285006B3D1F /* Release */,
			);
			defaultConfigurationIsVisible = 0;
			defaultConfigurationName = Release;
		};
		A24F9F062C875285006B3D1F /* Build configuration list for PBXNativeTarget "WeatherReportForOdnoklassniki" */ = {
			isa = XCConfigurationList;
			buildConfigurations = (
				A24F9F072C875285006B3D1F /* Debug */,
				A24F9F082C875285006B3D1F /* Release */,
			);
			defaultConfigurationIsVisible = 0;
			defaultConfigurationName = Release;
		};
/* End XCConfigurationList section */
	};
	rootObject = A24F9EEA2C875282006B3D1F /* Project object */;
}
